// !$*UTF8*$!
{
	archiveVersion = 1;
	classes = {
	};
	objectVersion = 51;
	objects = {

/* Begin PBXBuildFile section */
		7978E42E25335A0100F08561 /* AppDelegate.swift in Sources */ = {isa = PBXBuildFile; fileRef = 7978E42D25335A0100F08561 /* AppDelegate.swift */; };
		7978E43025335A0100F08561 /* SceneDelegate.swift in Sources */ = {isa = PBXBuildFile; fileRef = 7978E42F25335A0100F08561 /* SceneDelegate.swift */; };
		7978E43525335A0100F08561 /* Main.storyboard in Resources */ = {isa = PBXBuildFile; fileRef = 7978E43325335A0100F08561 /* Main.storyboard */; };
		7978E43725335A0300F08561 /* Assets.xcassets in Resources */ = {isa = PBXBuildFile; fileRef = 7978E43625335A0300F08561 /* Assets.xcassets */; };
		7978E43A25335A0300F08561 /* LaunchScreen.storyboard in Resources */ = {isa = PBXBuildFile; fileRef = 7978E43825335A0300F08561 /* LaunchScreen.storyboard */; };
		7978E44525335A0300F08561 /* KnowYourCountryTests.swift in Sources */ = {isa = PBXBuildFile; fileRef = 7978E44425335A0300F08561 /* KnowYourCountryTests.swift */; };
		7978E45025335A0300F08561 /* KnowYourCountryUITests.swift in Sources */ = {isa = PBXBuildFile; fileRef = 7978E44F25335A0300F08561 /* KnowYourCountryUITests.swift */; };
		7978E46425335A8400F08561 /* ServiceManager.swift in Sources */ = {isa = PBXBuildFile; fileRef = 7978E46325335A8400F08561 /* ServiceManager.swift */; };
		7978E46625335AFE00F08561 /* Constants.swift in Sources */ = {isa = PBXBuildFile; fileRef = 7978E46525335AFE00F08561 /* Constants.swift */; };
		7978E46825335D3C00F08561 /* CountryFactsViewModel.swift in Sources */ = {isa = PBXBuildFile; fileRef = 7978E46725335D3C00F08561 /* CountryFactsViewModel.swift */; };
		7978E46A25335DFD00F08561 /* CountryFacts.swift in Sources */ = {isa = PBXBuildFile; fileRef = 7978E46925335DFD00F08561 /* CountryFacts.swift */; };
		7978E46C2533706E00F08561 /* CountryFactsTableViewController.swift in Sources */ = {isa = PBXBuildFile; fileRef = 7978E46B2533706E00F08561 /* CountryFactsTableViewController.swift */; };
		7978E46E25337BEB00F08561 /* CountryFacts.json in Resources */ = {isa = PBXBuildFile; fileRef = 7978E46D25337BEB00F08561 /* CountryFacts.json */; };
		7998B47D25358882009FB001 /* CountryFactsTableViewCell.swift in Sources */ = {isa = PBXBuildFile; fileRef = 7998B47C25358882009FB001 /* CountryFactsTableViewCell.swift */; };
		8E2265AA6DFD2CA8FC51188C /* Pods_KnowYourCountry_KnowYourCountryUITests.framework in Frameworks */ = {isa = PBXBuildFile; fileRef = 77DA52463380F2874FAD3934 /* Pods_KnowYourCountry_KnowYourCountryUITests.framework */; };
		9F730DFEA4357B9DD00B6C65 /* Pods_KnowYourCountry.framework in Frameworks */ = {isa = PBXBuildFile; fileRef = 3909076C5FC52B2FCD70133B /* Pods_KnowYourCountry.framework */; };
		A408620A11D782F5FE530B6B /* Pods_KnowYourCountryTests.framework in Frameworks */ = {isa = PBXBuildFile; fileRef = A149C365E18D9282A32CDF4D /* Pods_KnowYourCountryTests.framework */; };
/* End PBXBuildFile section */

/* Begin PBXContainerItemProxy section */
		7978E44125335A0300F08561 /* PBXContainerItemProxy */ = {
			isa = PBXContainerItemProxy;
			containerPortal = 7978E42225335A0000F08561 /* Project object */;
			proxyType = 1;
			remoteGlobalIDString = 7978E42925335A0000F08561;
			remoteInfo = KnowYourCountry;
		};
		7978E44C25335A0300F08561 /* PBXContainerItemProxy */ = {
			isa = PBXContainerItemProxy;
			containerPortal = 7978E42225335A0000F08561 /* Project object */;
			proxyType = 1;
			remoteGlobalIDString = 7978E42925335A0000F08561;
			remoteInfo = KnowYourCountry;
		};
/* End PBXContainerItemProxy section */

/* Begin PBXFileReference section */
		1626ADACD083961B13469FF7 /* Pods-KnowYourCountryTests.release.xcconfig */ = {isa = PBXFileReference; includeInIndex = 1; lastKnownFileType = text.xcconfig; name = "Pods-KnowYourCountryTests.release.xcconfig"; path = "Target Support Files/Pods-KnowYourCountryTests/Pods-KnowYourCountryTests.release.xcconfig"; sourceTree = "<group>"; };
		195401D4921084DF5F549043 /* Pods-KnowYourCountry.release.xcconfig */ = {isa = PBXFileReference; includeInIndex = 1; lastKnownFileType = text.xcconfig; name = "Pods-KnowYourCountry.release.xcconfig"; path = "Target Support Files/Pods-KnowYourCountry/Pods-KnowYourCountry.release.xcconfig"; sourceTree = "<group>"; };
		31093836B80178D6DFA34DD7 /* Pods-KnowYourCountryTests.debug.xcconfig */ = {isa = PBXFileReference; includeInIndex = 1; lastKnownFileType = text.xcconfig; name = "Pods-KnowYourCountryTests.debug.xcconfig"; path = "Target Support Files/Pods-KnowYourCountryTests/Pods-KnowYourCountryTests.debug.xcconfig"; sourceTree = "<group>"; };
		3909076C5FC52B2FCD70133B /* Pods_KnowYourCountry.framework */ = {isa = PBXFileReference; explicitFileType = wrapper.framework; includeInIndex = 0; path = Pods_KnowYourCountry.framework; sourceTree = BUILT_PRODUCTS_DIR; };
		397B126F03F6C00C43223887 /* Pods-KnowYourCountry-KnowYourCountryUITests.release.xcconfig */ = {isa = PBXFileReference; includeInIndex = 1; lastKnownFileType = text.xcconfig; name = "Pods-KnowYourCountry-KnowYourCountryUITests.release.xcconfig"; path = "Target Support Files/Pods-KnowYourCountry-KnowYourCountryUITests/Pods-KnowYourCountry-KnowYourCountryUITests.release.xcconfig"; sourceTree = "<group>"; };
		4B0520FA80F49FBE820746A3 /* Pods-KnowYourCountry-KnowYourCountryUITests.debug.xcconfig */ = {isa = PBXFileReference; includeInIndex = 1; lastKnownFileType = text.xcconfig; name = "Pods-KnowYourCountry-KnowYourCountryUITests.debug.xcconfig"; path = "Target Support Files/Pods-KnowYourCountry-KnowYourCountryUITests/Pods-KnowYourCountry-KnowYourCountryUITests.debug.xcconfig"; sourceTree = "<group>"; };
		77DA52463380F2874FAD3934 /* Pods_KnowYourCountry_KnowYourCountryUITests.framework */ = {isa = PBXFileReference; explicitFileType = wrapper.framework; includeInIndex = 0; path = Pods_KnowYourCountry_KnowYourCountryUITests.framework; sourceTree = BUILT_PRODUCTS_DIR; };
		7978E42A25335A0100F08561 /* KnowYourCountry.app */ = {isa = PBXFileReference; explicitFileType = wrapper.application; includeInIndex = 0; path = KnowYourCountry.app; sourceTree = BUILT_PRODUCTS_DIR; };
		7978E42D25335A0100F08561 /* AppDelegate.swift */ = {isa = PBXFileReference; lastKnownFileType = sourcecode.swift; path = AppDelegate.swift; sourceTree = "<group>"; };
		7978E42F25335A0100F08561 /* SceneDelegate.swift */ = {isa = PBXFileReference; lastKnownFileType = sourcecode.swift; path = SceneDelegate.swift; sourceTree = "<group>"; };
		7978E43425335A0100F08561 /* Base */ = {isa = PBXFileReference; lastKnownFileType = file.storyboard; name = Base; path = Base.lproj/Main.storyboard; sourceTree = "<group>"; };
		7978E43625335A0300F08561 /* Assets.xcassets */ = {isa = PBXFileReference; lastKnownFileType = folder.assetcatalog; path = Assets.xcassets; sourceTree = "<group>"; };
		7978E43925335A0300F08561 /* Base */ = {isa = PBXFileReference; lastKnownFileType = file.storyboard; name = Base; path = Base.lproj/LaunchScreen.storyboard; sourceTree = "<group>"; };
		7978E43B25335A0300F08561 /* Info.plist */ = {isa = PBXFileReference; lastKnownFileType = text.plist.xml; path = Info.plist; sourceTree = "<group>"; };
		7978E44025335A0300F08561 /* KnowYourCountryTests.xctest */ = {isa = PBXFileReference; explicitFileType = wrapper.cfbundle; includeInIndex = 0; path = KnowYourCountryTests.xctest; sourceTree = BUILT_PRODUCTS_DIR; };
		7978E44425335A0300F08561 /* KnowYourCountryTests.swift */ = {isa = PBXFileReference; lastKnownFileType = sourcecode.swift; path = KnowYourCountryTests.swift; sourceTree = "<group>"; };
		7978E44625335A0300F08561 /* Info.plist */ = {isa = PBXFileReference; lastKnownFileType = text.plist.xml; path = Info.plist; sourceTree = "<group>"; };
		7978E44B25335A0300F08561 /* KnowYourCountryUITests.xctest */ = {isa = PBXFileReference; explicitFileType = wrapper.cfbundle; includeInIndex = 0; path = KnowYourCountryUITests.xctest; sourceTree = BUILT_PRODUCTS_DIR; };
		7978E44F25335A0300F08561 /* KnowYourCountryUITests.swift */ = {isa = PBXFileReference; lastKnownFileType = sourcecode.swift; path = KnowYourCountryUITests.swift; sourceTree = "<group>"; };
		7978E45125335A0300F08561 /* Info.plist */ = {isa = PBXFileReference; lastKnownFileType = text.plist.xml; path = Info.plist; sourceTree = "<group>"; };
		7978E46325335A8400F08561 /* ServiceManager.swift */ = {isa = PBXFileReference; lastKnownFileType = sourcecode.swift; path = ServiceManager.swift; sourceTree = "<group>"; };
		7978E46525335AFE00F08561 /* Constants.swift */ = {isa = PBXFileReference; lastKnownFileType = sourcecode.swift; path = Constants.swift; sourceTree = "<group>"; };
		7978E46725335D3C00F08561 /* CountryFactsViewModel.swift */ = {isa = PBXFileReference; lastKnownFileType = sourcecode.swift; path = CountryFactsViewModel.swift; sourceTree = "<group>"; };
		7978E46925335DFD00F08561 /* CountryFacts.swift */ = {isa = PBXFileReference; lastKnownFileType = sourcecode.swift; path = CountryFacts.swift; sourceTree = "<group>"; };
		7978E46B2533706E00F08561 /* CountryFactsTableViewController.swift */ = {isa = PBXFileReference; lastKnownFileType = sourcecode.swift; path = CountryFactsTableViewController.swift; sourceTree = "<group>"; };
		7978E46D25337BEB00F08561 /* CountryFacts.json */ = {isa = PBXFileReference; fileEncoding = 4; lastKnownFileType = text.json; path = CountryFacts.json; sourceTree = "<group>"; };
		7998B47C25358882009FB001 /* CountryFactsTableViewCell.swift */ = {isa = PBXFileReference; lastKnownFileType = sourcecode.swift; path = CountryFactsTableViewCell.swift; sourceTree = "<group>"; };
		A149C365E18D9282A32CDF4D /* Pods_KnowYourCountryTests.framework */ = {isa = PBXFileReference; explicitFileType = wrapper.framework; includeInIndex = 0; path = Pods_KnowYourCountryTests.framework; sourceTree = BUILT_PRODUCTS_DIR; };
		E1083BD6F24AA38918449A1D /* Pods-KnowYourCountry.debug.xcconfig */ = {isa = PBXFileReference; includeInIndex = 1; lastKnownFileType = text.xcconfig; name = "Pods-KnowYourCountry.debug.xcconfig"; path = "Target Support Files/Pods-KnowYourCountry/Pods-KnowYourCountry.debug.xcconfig"; sourceTree = "<group>"; };
/* End PBXFileReference section */

/* Begin PBXFrameworksBuildPhase section */
		7978E42725335A0000F08561 /* Frameworks */ = {
			isa = PBXFrameworksBuildPhase;
			buildActionMask = 2147483647;
			files = (
				9F730DFEA4357B9DD00B6C65 /* Pods_KnowYourCountry.framework in Frameworks */,
			);
			runOnlyForDeploymentPostprocessing = 0;
		};
		7978E43D25335A0300F08561 /* Frameworks */ = {
			isa = PBXFrameworksBuildPhase;
			buildActionMask = 2147483647;
			files = (
				A408620A11D782F5FE530B6B /* Pods_KnowYourCountryTests.framework in Frameworks */,
			);
			runOnlyForDeploymentPostprocessing = 0;
		};
		7978E44825335A0300F08561 /* Frameworks */ = {
			isa = PBXFrameworksBuildPhase;
			buildActionMask = 2147483647;
			files = (
				8E2265AA6DFD2CA8FC51188C /* Pods_KnowYourCountry_KnowYourCountryUITests.framework in Frameworks */,
			);
			runOnlyForDeploymentPostprocessing = 0;
		};
/* End PBXFrameworksBuildPhase section */

/* Begin PBXGroup section */
		67A09595D761502D716C19CD /* Pods */ = {
			isa = PBXGroup;
			children = (
				E1083BD6F24AA38918449A1D /* Pods-KnowYourCountry.debug.xcconfig */,
				195401D4921084DF5F549043 /* Pods-KnowYourCountry.release.xcconfig */,
				4B0520FA80F49FBE820746A3 /* Pods-KnowYourCountry-KnowYourCountryUITests.debug.xcconfig */,
				397B126F03F6C00C43223887 /* Pods-KnowYourCountry-KnowYourCountryUITests.release.xcconfig */,
				31093836B80178D6DFA34DD7 /* Pods-KnowYourCountryTests.debug.xcconfig */,
				1626ADACD083961B13469FF7 /* Pods-KnowYourCountryTests.release.xcconfig */,
			);
			path = Pods;
			sourceTree = "<group>";
		};
		6A7DE680618E18F3B7D0102B /* Frameworks */ = {
			isa = PBXGroup;
			children = (
				3909076C5FC52B2FCD70133B /* Pods_KnowYourCountry.framework */,
				77DA52463380F2874FAD3934 /* Pods_KnowYourCountry_KnowYourCountryUITests.framework */,
				A149C365E18D9282A32CDF4D /* Pods_KnowYourCountryTests.framework */,
			);
			name = Frameworks;
			sourceTree = "<group>";
		};
		7978E42125335A0000F08561 = {
			isa = PBXGroup;
			children = (
				7978E42C25335A0100F08561 /* KnowYourCountry */,
				7978E44325335A0300F08561 /* KnowYourCountryTests */,
				7978E44E25335A0300F08561 /* KnowYourCountryUITests */,
				7978E42B25335A0100F08561 /* Products */,
				67A09595D761502D716C19CD /* Pods */,
				6A7DE680618E18F3B7D0102B /* Frameworks */,
			);
			sourceTree = "<group>";
		};
		7978E42B25335A0100F08561 /* Products */ = {
			isa = PBXGroup;
			children = (
				7978E42A25335A0100F08561 /* KnowYourCountry.app */,
				7978E44025335A0300F08561 /* KnowYourCountryTests.xctest */,
				7978E44B25335A0300F08561 /* KnowYourCountryUITests.xctest */,
			);
			name = Products;
			sourceTree = "<group>";
		};
		7978E42C25335A0100F08561 /* KnowYourCountry */ = {
			isa = PBXGroup;
			children = (
				7978E46025335A2600F08561 /* Controller */,
				7978E45F25335A1D00F08561 /* ViewModel */,
				7998B47B25358871009FB001 /* View */,
				7978E45D25335A1000F08561 /* Model */,
				7978E46225335A6F00F08561 /* Service */,
				7978E46125335A4000F08561 /* Supporting Files */,
				7978E42D25335A0100F08561 /* AppDelegate.swift */,
				7978E42F25335A0100F08561 /* SceneDelegate.swift */,
				7978E43625335A0300F08561 /* Assets.xcassets */,
				7978E43825335A0300F08561 /* LaunchScreen.storyboard */,
				7978E43B25335A0300F08561 /* Info.plist */,
			);
			path = KnowYourCountry;
			sourceTree = "<group>";
		};
		7978E44325335A0300F08561 /* KnowYourCountryTests */ = {
			isa = PBXGroup;
			children = (
				7978E44425335A0300F08561 /* KnowYourCountryTests.swift */,
				7978E44625335A0300F08561 /* Info.plist */,
			);
			path = KnowYourCountryTests;
			sourceTree = "<group>";
		};
		7978E44E25335A0300F08561 /* KnowYourCountryUITests */ = {
			isa = PBXGroup;
			children = (
				7978E44F25335A0300F08561 /* KnowYourCountryUITests.swift */,
				7978E45125335A0300F08561 /* Info.plist */,
			);
			path = KnowYourCountryUITests;
			sourceTree = "<group>";
		};
		7978E45D25335A1000F08561 /* Model */ = {
			isa = PBXGroup;
			children = (
				7978E46925335DFD00F08561 /* CountryFacts.swift */,
			);
			path = Model;
			sourceTree = "<group>";
		};
		7978E45F25335A1D00F08561 /* ViewModel */ = {
			isa = PBXGroup;
			children = (
				7978E46725335D3C00F08561 /* CountryFactsViewModel.swift */,
			);
			path = ViewModel;
			sourceTree = "<group>";
		};
		7978E46025335A2600F08561 /* Controller */ = {
			isa = PBXGroup;
			children = (
				7978E46B2533706E00F08561 /* CountryFactsTableViewController.swift */,
			);
			path = Controller;
			sourceTree = "<group>";
		};
		7978E46125335A4000F08561 /* Supporting Files */ = {
			isa = PBXGroup;
			children = (
				7978E46D25337BEB00F08561 /* CountryFacts.json */,
				7978E43325335A0100F08561 /* Main.storyboard */,
				7978E46525335AFE00F08561 /* Constants.swift */,
			);
			path = "Supporting Files";
			sourceTree = "<group>";
		};
		7978E46225335A6F00F08561 /* Service */ = {
			isa = PBXGroup;
			children = (
				7978E46325335A8400F08561 /* ServiceManager.swift */,
			);
			path = Service;
			sourceTree = "<group>";
		};
		7998B47B25358871009FB001 /* View */ = {
			isa = PBXGroup;
			children = (
				7998B47C25358882009FB001 /* CountryFactsTableViewCell.swift */,
			);
			path = View;
			sourceTree = "<group>";
		};
/* End PBXGroup section */

/* Begin PBXNativeTarget section */
		7978E42925335A0000F08561 /* KnowYourCountry */ = {
			isa = PBXNativeTarget;
			buildConfigurationList = 7978E45425335A0300F08561 /* Build configuration list for PBXNativeTarget "KnowYourCountry" */;
			buildPhases = (
				46A3CD203ABAE93040F043C3 /* [CP] Check Pods Manifest.lock */,
				7978E42625335A0000F08561 /* Sources */,
				7978E42725335A0000F08561 /* Frameworks */,
				7978E42825335A0000F08561 /* Resources */,
				EF041EEC80F4F0651DFA9547 /* [CP] Embed Pods Frameworks */,
			);
			buildRules = (
			);
			dependencies = (
			);
			name = KnowYourCountry;
			productName = KnowYourCountry;
			productReference = 7978E42A25335A0100F08561 /* KnowYourCountry.app */;
			productType = "com.apple.product-type.application";
		};
		7978E43F25335A0300F08561 /* KnowYourCountryTests */ = {
			isa = PBXNativeTarget;
			buildConfigurationList = 7978E45725335A0300F08561 /* Build configuration list for PBXNativeTarget "KnowYourCountryTests" */;
			buildPhases = (
				E8337819D43A31EDD38ED793 /* [CP] Check Pods Manifest.lock */,
				7978E43C25335A0300F08561 /* Sources */,
				7978E43D25335A0300F08561 /* Frameworks */,
				7978E43E25335A0300F08561 /* Resources */,
			);
			buildRules = (
			);
			dependencies = (
				7978E44225335A0300F08561 /* PBXTargetDependency */,
			);
			name = KnowYourCountryTests;
			productName = KnowYourCountryTests;
			productReference = 7978E44025335A0300F08561 /* KnowYourCountryTests.xctest */;
			productType = "com.apple.product-type.bundle.unit-test";
		};
		7978E44A25335A0300F08561 /* KnowYourCountryUITests */ = {
			isa = PBXNativeTarget;
			buildConfigurationList = 7978E45A25335A0300F08561 /* Build configuration list for PBXNativeTarget "KnowYourCountryUITests" */;
			buildPhases = (
				532B8D8DD1C970904E351B93 /* [CP] Check Pods Manifest.lock */,
				7978E44725335A0300F08561 /* Sources */,
				7978E44825335A0300F08561 /* Frameworks */,
				7978E44925335A0300F08561 /* Resources */,
				4B140372708FDC1DA9B4B635 /* [CP] Embed Pods Frameworks */,
			);
			buildRules = (
			);
			dependencies = (
				7978E44D25335A0300F08561 /* PBXTargetDependency */,
			);
			name = KnowYourCountryUITests;
			productName = KnowYourCountryUITests;
			productReference = 7978E44B25335A0300F08561 /* KnowYourCountryUITests.xctest */;
			productType = "com.apple.product-type.bundle.ui-testing";
		};
/* End PBXNativeTarget section */

/* Begin PBXProject section */
		7978E42225335A0000F08561 /* Project object */ = {
			isa = PBXProject;
			attributes = {
				LastSwiftUpdateCheck = 1150;
				LastUpgradeCheck = 1150;
				ORGANIZATIONNAME = "Deepti Gupta";
				TargetAttributes = {
					7978E42925335A0000F08561 = {
						CreatedOnToolsVersion = 11.5;
					};
					7978E43F25335A0300F08561 = {
						CreatedOnToolsVersion = 11.5;
						TestTargetID = 7978E42925335A0000F08561;
					};
					7978E44A25335A0300F08561 = {
						CreatedOnToolsVersion = 11.5;
						TestTargetID = 7978E42925335A0000F08561;
					};
				};
			};
			buildConfigurationList = 7978E42525335A0000F08561 /* Build configuration list for PBXProject "KnowYourCountry" */;
			compatibilityVersion = "Xcode 9.3";
			developmentRegion = en;
			hasScannedForEncodings = 0;
			knownRegions = (
				en,
				Base,
			);
			mainGroup = 7978E42125335A0000F08561;
			productRefGroup = 7978E42B25335A0100F08561 /* Products */;
			projectDirPath = "";
			projectRoot = "";
			targets = (
				7978E42925335A0000F08561 /* KnowYourCountry */,
				7978E43F25335A0300F08561 /* KnowYourCountryTests */,
				7978E44A25335A0300F08561 /* KnowYourCountryUITests */,
			);
		};
/* End PBXProject section */

/* Begin PBXResourcesBuildPhase section */
		7978E42825335A0000F08561 /* Resources */ = {
			isa = PBXResourcesBuildPhase;
			buildActionMask = 2147483647;
			files = (
				7978E43A25335A0300F08561 /* LaunchScreen.storyboard in Resources */,
				7978E43725335A0300F08561 /* Assets.xcassets in Resources */,
				7978E46E25337BEB00F08561 /* CountryFacts.json in Resources */,
				7978E43525335A0100F08561 /* Main.storyboard in Resources */,
			);
			runOnlyForDeploymentPostprocessing = 0;
		};
		7978E43E25335A0300F08561 /* Resources */ = {
			isa = PBXResourcesBuildPhase;
			buildActionMask = 2147483647;
			files = (
			);
			runOnlyForDeploymentPostprocessing = 0;
		};
		7978E44925335A0300F08561 /* Resources */ = {
			isa = PBXResourcesBuildPhase;
			buildActionMask = 2147483647;
			files = (
			);
			runOnlyForDeploymentPostprocessing = 0;
		};
/* End PBXResourcesBuildPhase section */

/* Begin PBXShellScriptBuildPhase section */
		46A3CD203ABAE93040F043C3 /* [CP] Check Pods Manifest.lock */ = {
			isa = PBXShellScriptBuildPhase;
			buildActionMask = 2147483647;
			files = (
			);
			inputFileListPaths = (
			);
			inputPaths = (
				"${PODS_PODFILE_DIR_PATH}/Podfile.lock",
				"${PODS_ROOT}/Manifest.lock",
			);
			name = "[CP] Check Pods Manifest.lock";
			outputFileListPaths = (
			);
			outputPaths = (
				"$(DERIVED_FILE_DIR)/Pods-KnowYourCountry-checkManifestLockResult.txt",
			);
			runOnlyForDeploymentPostprocessing = 0;
			shellPath = /bin/sh;
			shellScript = "diff \"${PODS_PODFILE_DIR_PATH}/Podfile.lock\" \"${PODS_ROOT}/Manifest.lock\" > /dev/null\nif [ $? != 0 ] ; then\n    # print error to STDERR\n    echo \"error: The sandbox is not in sync with the Podfile.lock. Run 'pod install' or update your CocoaPods installation.\" >&2\n    exit 1\nfi\n# This output is used by Xcode 'outputs' to avoid re-running this script phase.\necho \"SUCCESS\" > \"${SCRIPT_OUTPUT_FILE_0}\"\n";
			showEnvVarsInLog = 0;
		};
		4B140372708FDC1DA9B4B635 /* [CP] Embed Pods Frameworks */ = {
			isa = PBXShellScriptBuildPhase;
			buildActionMask = 2147483647;
			files = (
			);
			inputFileListPaths = (
				"${PODS_ROOT}/Target Support Files/Pods-KnowYourCountry-KnowYourCountryUITests/Pods-KnowYourCountry-KnowYourCountryUITests-frameworks-${CONFIGURATION}-input-files.xcfilelist",
			);
			name = "[CP] Embed Pods Frameworks";
			outputFileListPaths = (
				"${PODS_ROOT}/Target Support Files/Pods-KnowYourCountry-KnowYourCountryUITests/Pods-KnowYourCountry-KnowYourCountryUITests-frameworks-${CONFIGURATION}-output-files.xcfilelist",
			);
			runOnlyForDeploymentPostprocessing = 0;
			shellPath = /bin/sh;
			shellScript = "\"${PODS_ROOT}/Target Support Files/Pods-KnowYourCountry-KnowYourCountryUITests/Pods-KnowYourCountry-KnowYourCountryUITests-frameworks.sh\"\n";
			showEnvVarsInLog = 0;
		};
		532B8D8DD1C970904E351B93 /* [CP] Check Pods Manifest.lock */ = {
			isa = PBXShellScriptBuildPhase;
			buildActionMask = 2147483647;
			files = (
			);
			inputFileListPaths = (
			);
			inputPaths = (
				"${PODS_PODFILE_DIR_PATH}/Podfile.lock",
				"${PODS_ROOT}/Manifest.lock",
			);
			name = "[CP] Check Pods Manifest.lock";
			outputFileListPaths = (
			);
			outputPaths = (
				"$(DERIVED_FILE_DIR)/Pods-KnowYourCountry-KnowYourCountryUITests-checkManifestLockResult.txt",
			);
			runOnlyForDeploymentPostprocessing = 0;
			shellPath = /bin/sh;
			shellScript = "diff \"${PODS_PODFILE_DIR_PATH}/Podfile.lock\" \"${PODS_ROOT}/Manifest.lock\" > /dev/null\nif [ $? != 0 ] ; then\n    # print error to STDERR\n    echo \"error: The sandbox is not in sync with the Podfile.lock. Run 'pod install' or update your CocoaPods installation.\" >&2\n    exit 1\nfi\n# This output is used by Xcode 'outputs' to avoid re-running this script phase.\necho \"SUCCESS\" > \"${SCRIPT_OUTPUT_FILE_0}\"\n";
			showEnvVarsInLog = 0;
		};
		E8337819D43A31EDD38ED793 /* [CP] Check Pods Manifest.lock */ = {
			isa = PBXShellScriptBuildPhase;
			buildActionMask = 2147483647;
			files = (
			);
			inputFileListPaths = (
			);
			inputPaths = (
				"${PODS_PODFILE_DIR_PATH}/Podfile.lock",
				"${PODS_ROOT}/Manifest.lock",
			);
			name = "[CP] Check Pods Manifest.lock";
			outputFileListPaths = (
			);
			outputPaths = (
				"$(DERIVED_FILE_DIR)/Pods-KnowYourCountryTests-checkManifestLockResult.txt",
			);
			runOnlyForDeploymentPostprocessing = 0;
			shellPath = /bin/sh;
			shellScript = "diff \"${PODS_PODFILE_DIR_PATH}/Podfile.lock\" \"${PODS_ROOT}/Manifest.lock\" > /dev/null\nif [ $? != 0 ] ; then\n    # print error to STDERR\n    echo \"error: The sandbox is not in sync with the Podfile.lock. Run 'pod install' or update your CocoaPods installation.\" >&2\n    exit 1\nfi\n# This output is used by Xcode 'outputs' to avoid re-running this script phase.\necho \"SUCCESS\" > \"${SCRIPT_OUTPUT_FILE_0}\"\n";
			showEnvVarsInLog = 0;
		};
		EF041EEC80F4F0651DFA9547 /* [CP] Embed Pods Frameworks */ = {
			isa = PBXShellScriptBuildPhase;
			buildActionMask = 2147483647;
			files = (
			);
			inputFileListPaths = (
				"${PODS_ROOT}/Target Support Files/Pods-KnowYourCountry/Pods-KnowYourCountry-frameworks-${CONFIGURATION}-input-files.xcfilelist",
			);
			name = "[CP] Embed Pods Frameworks";
			outputFileListPaths = (
				"${PODS_ROOT}/Target Support Files/Pods-KnowYourCountry/Pods-KnowYourCountry-frameworks-${CONFIGURATION}-output-files.xcfilelist",
			);
			runOnlyForDeploymentPostprocessing = 0;
			shellPath = /bin/sh;
			shellScript = "\"${PODS_ROOT}/Target Support Files/Pods-KnowYourCountry/Pods-KnowYourCountry-frameworks.sh\"\n";
			showEnvVarsInLog = 0;
		};
/* End PBXShellScriptBuildPhase section */

/* Begin PBXSourcesBuildPhase section */
		7978E42625335A0000F08561 /* Sources */ = {
			isa = PBXSourcesBuildPhase;
			buildActionMask = 2147483647;
			files = (
				7978E46625335AFE00F08561 /* Constants.swift in Sources */,
				7978E46825335D3C00F08561 /* CountryFactsViewModel.swift in Sources */,
				7998B47D25358882009FB001 /* CountryFactsTableViewCell.swift in Sources */,
				7978E42E25335A0100F08561 /* AppDelegate.swift in Sources */,
				7978E46C2533706E00F08561 /* CountryFactsTableViewController.swift in Sources */,
				7978E43025335A0100F08561 /* SceneDelegate.swift in Sources */,
				7978E46A25335DFD00F08561 /* CountryFacts.swift in Sources */,
				7978E46425335A8400F08561 /* ServiceManager.swift in Sources */,
			);
			runOnlyForDeploymentPostprocessing = 0;
		};
		7978E43C25335A0300F08561 /* Sources */ = {
			isa = PBXSourcesBuildPhase;
			buildActionMask = 2147483647;
			files = (
				7978E44525335A0300F08561 /* KnowYourCountryTests.swift in Sources */,
			);
			runOnlyForDeploymentPostprocessing = 0;
		};
		7978E44725335A0300F08561 /* Sources */ = {
			isa = PBXSourcesBuildPhase;
			buildActionMask = 2147483647;
			files = (
				7978E45025335A0300F08561 /* KnowYourCountryUITests.swift in Sources */,
			);
			runOnlyForDeploymentPostprocessing = 0;
		};
/* End PBXSourcesBuildPhase section */

/* Begin PBXTargetDependency section */
		7978E44225335A0300F08561 /* PBXTargetDependency */ = {
			isa = PBXTargetDependency;
			target = 7978E42925335A0000F08561 /* KnowYourCountry */;
			targetProxy = 7978E44125335A0300F08561 /* PBXContainerItemProxy */;
		};
		7978E44D25335A0300F08561 /* PBXTargetDependency */ = {
			isa = PBXTargetDependency;
			target = 7978E42925335A0000F08561 /* KnowYourCountry */;
			targetProxy = 7978E44C25335A0300F08561 /* PBXContainerItemProxy */;
		};
/* End PBXTargetDependency section */

/* Begin PBXVariantGroup section */
		7978E43325335A0100F08561 /* Main.storyboard */ = {
			isa = PBXVariantGroup;
			children = (
				7978E43425335A0100F08561 /* Base */,
			);
			name = Main.storyboard;
			sourceTree = "<group>";
		};
		7978E43825335A0300F08561 /* LaunchScreen.storyboard */ = {
			isa = PBXVariantGroup;
			children = (
				7978E43925335A0300F08561 /* Base */,
			);
			name = LaunchScreen.storyboard;
			sourceTree = "<group>";
		};
/* End PBXVariantGroup section */

/* Begin XCBuildConfiguration section */
		7978E45225335A0300F08561 /* Debug */ = {
			isa = XCBuildConfiguration;
			buildSettings = {
				ALWAYS_SEARCH_USER_PATHS = NO;
				CLANG_ANALYZER_NONNULL = YES;
				CLANG_ANALYZER_NUMBER_OBJECT_CONVERSION = YES_AGGRESSIVE;
				CLANG_CXX_LANGUAGE_STANDARD = "gnu++14";
				CLANG_CXX_LIBRARY = "libc++";
				CLANG_ENABLE_MODULES = YES;
				CLANG_ENABLE_OBJC_ARC = YES;
				CLANG_ENABLE_OBJC_WEAK = YES;
				CLANG_WARN_BLOCK_CAPTURE_AUTORELEASING = YES;
				CLANG_WARN_BOOL_CONVERSION = YES;
				CLANG_WARN_COMMA = YES;
				CLANG_WARN_CONSTANT_CONVERSION = YES;
				CLANG_WARN_DEPRECATED_OBJC_IMPLEMENTATIONS = YES;
				CLANG_WARN_DIRECT_OBJC_ISA_USAGE = YES_ERROR;
				CLANG_WARN_DOCUMENTATION_COMMENTS = YES;
				CLANG_WARN_EMPTY_BODY = YES;
				CLANG_WARN_ENUM_CONVERSION = YES;
				CLANG_WARN_INFINITE_RECURSION = YES;
				CLANG_WARN_INT_CONVERSION = YES;
				CLANG_WARN_NON_LITERAL_NULL_CONVERSION = YES;
				CLANG_WARN_OBJC_IMPLICIT_RETAIN_SELF = YES;
				CLANG_WARN_OBJC_LITERAL_CONVERSION = YES;
				CLANG_WARN_OBJC_ROOT_CLASS = YES_ERROR;
				CLANG_WARN_RANGE_LOOP_ANALYSIS = YES;
				CLANG_WARN_STRICT_PROTOTYPES = YES;
				CLANG_WARN_SUSPICIOUS_MOVE = YES;
				CLANG_WARN_UNGUARDED_AVAILABILITY = YES_AGGRESSIVE;
				CLANG_WARN_UNREACHABLE_CODE = YES;
				CLANG_WARN__DUPLICATE_METHOD_MATCH = YES;
				COPY_PHASE_STRIP = NO;
				DEBUG_INFORMATION_FORMAT = dwarf;
				ENABLE_STRICT_OBJC_MSGSEND = YES;
				ENABLE_TESTABILITY = YES;
				GCC_C_LANGUAGE_STANDARD = gnu11;
				GCC_DYNAMIC_NO_PIC = NO;
				GCC_NO_COMMON_BLOCKS = YES;
				GCC_OPTIMIZATION_LEVEL = 0;
				GCC_PREPROCESSOR_DEFINITIONS = (
					"DEBUG=1",
					"$(inherited)",
				);
				GCC_WARN_64_TO_32_BIT_CONVERSION = YES;
				GCC_WARN_ABOUT_RETURN_TYPE = YES_ERROR;
				GCC_WARN_UNDECLARED_SELECTOR = YES;
				GCC_WARN_UNINITIALIZED_AUTOS = YES_AGGRESSIVE;
				GCC_WARN_UNUSED_FUNCTION = YES;
				GCC_WARN_UNUSED_VARIABLE = YES;
				IPHONEOS_DEPLOYMENT_TARGET = 13.5;
				MTL_ENABLE_DEBUG_INFO = INCLUDE_SOURCE;
				MTL_FAST_MATH = YES;
				ONLY_ACTIVE_ARCH = YES;
				SDKROOT = iphoneos;
				SWIFT_ACTIVE_COMPILATION_CONDITIONS = DEBUG;
				SWIFT_OPTIMIZATION_LEVEL = "-Onone";
			};
			name = Debug;
		};
		7978E45325335A0300F08561 /* Release */ = {
			isa = XCBuildConfiguration;
			buildSettings = {
				ALWAYS_SEARCH_USER_PATHS = NO;
				CLANG_ANALYZER_NONNULL = YES;
				CLANG_ANALYZER_NUMBER_OBJECT_CONVERSION = YES_AGGRESSIVE;
				CLANG_CXX_LANGUAGE_STANDARD = "gnu++14";
				CLANG_CXX_LIBRARY = "libc++";
				CLANG_ENABLE_MODULES = YES;
				CLANG_ENABLE_OBJC_ARC = YES;
				CLANG_ENABLE_OBJC_WEAK = YES;
				CLANG_WARN_BLOCK_CAPTURE_AUTORELEASING = YES;
				CLANG_WARN_BOOL_CONVERSION = YES;
				CLANG_WARN_COMMA = YES;
				CLANG_WARN_CONSTANT_CONVERSION = YES;
				CLANG_WARN_DEPRECATED_OBJC_IMPLEMENTATIONS = YES;
				CLANG_WARN_DIRECT_OBJC_ISA_USAGE = YES_ERROR;
				CLANG_WARN_DOCUMENTATION_COMMENTS = YES;
				CLANG_WARN_EMPTY_BODY = YES;
				CLANG_WARN_ENUM_CONVERSION = YES;
				CLANG_WARN_INFINITE_RECURSION = YES;
				CLANG_WARN_INT_CONVERSION = YES;
				CLANG_WARN_NON_LITERAL_NULL_CONVERSION = YES;
				CLANG_WARN_OBJC_IMPLICIT_RETAIN_SELF = YES;
				CLANG_WARN_OBJC_LITERAL_CONVERSION = YES;
				CLANG_WARN_OBJC_ROOT_CLASS = YES_ERROR;
				CLANG_WARN_RANGE_LOOP_ANALYSIS = YES;
				CLANG_WARN_STRICT_PROTOTYPES = YES;
				CLANG_WARN_SUSPICIOUS_MOVE = YES;
				CLANG_WARN_UNGUARDED_AVAILABILITY = YES_AGGRESSIVE;
				CLANG_WARN_UNREACHABLE_CODE = YES;
				CLANG_WARN__DUPLICATE_METHOD_MATCH = YES;
				COPY_PHASE_STRIP = NO;
				DEBUG_INFORMATION_FORMAT = "dwarf-with-dsym";
				ENABLE_NS_ASSERTIONS = NO;
				ENABLE_STRICT_OBJC_MSGSEND = YES;
				GCC_C_LANGUAGE_STANDARD = gnu11;
				GCC_NO_COMMON_BLOCKS = YES;
				GCC_WARN_64_TO_32_BIT_CONVERSION = YES;
				GCC_WARN_ABOUT_RETURN_TYPE = YES_ERROR;
				GCC_WARN_UNDECLARED_SELECTOR = YES;
				GCC_WARN_UNINITIALIZED_AUTOS = YES_AGGRESSIVE;
				GCC_WARN_UNUSED_FUNCTION = YES;
				GCC_WARN_UNUSED_VARIABLE = YES;
				IPHONEOS_DEPLOYMENT_TARGET = 13.5;
				MTL_ENABLE_DEBUG_INFO = NO;
				MTL_FAST_MATH = YES;
				SDKROOT = iphoneos;
				SWIFT_COMPILATION_MODE = wholemodule;
				SWIFT_OPTIMIZATION_LEVEL = "-O";
				VALIDATE_PRODUCT = YES;
			};
			name = Release;
		};
		7978E45525335A0300F08561 /* Debug */ = {
			isa = XCBuildConfiguration;
			baseConfigurationReference = E1083BD6F24AA38918449A1D /* Pods-KnowYourCountry.debug.xcconfig */;
			buildSettings = {
				ASSETCATALOG_COMPILER_APPICON_NAME = AppIcon;
				CODE_SIGN_STYLE = Automatic;
				INFOPLIST_FILE = KnowYourCountry/Info.plist;
				LD_RUNPATH_SEARCH_PATHS = (
					"$(inherited)",
					"@executable_path/Frameworks",
				);
				PRODUCT_BUNDLE_IDENTIFIER = com.deepti.gupta.KnowYourCountry;
				PRODUCT_NAME = "$(TARGET_NAME)";
				SWIFT_VERSION = 5.0;
				TARGETED_DEVICE_FAMILY = "1,2";
			};
			name = Debug;
		};
		7978E45625335A0300F08561 /* Release */ = {
			isa = XCBuildConfiguration;
			baseConfigurationReference = 195401D4921084DF5F549043 /* Pods-KnowYourCountry.release.xcconfig */;
			buildSettings = {
				ASSETCATALOG_COMPILER_APPICON_NAME = AppIcon;
				CODE_SIGN_STYLE = Automatic;
				INFOPLIST_FILE = KnowYourCountry/Info.plist;
				LD_RUNPATH_SEARCH_PATHS = (
					"$(inherited)",
					"@executable_path/Frameworks",
				);
				PRODUCT_BUNDLE_IDENTIFIER = com.deepti.gupta.KnowYourCountry;
				PRODUCT_NAME = "$(TARGET_NAME)";
				SWIFT_VERSION = 5.0;
				TARGETED_DEVICE_FAMILY = "1,2";
			};
			name = Release;
		};
		7978E45825335A0300F08561 /* Debug */ = {
			isa = XCBuildConfiguration;
			baseConfigurationReference = 31093836B80178D6DFA34DD7 /* Pods-KnowYourCountryTests.debug.xcconfig */;
			buildSettings = {
				ALWAYS_EMBED_SWIFT_STANDARD_LIBRARIES = YES;
				BUNDLE_LOADER = "$(TEST_HOST)";
				CODE_SIGN_STYLE = Automatic;
				INFOPLIST_FILE = KnowYourCountryTests/Info.plist;
				IPHONEOS_DEPLOYMENT_TARGET = 13.5;
				LD_RUNPATH_SEARCH_PATHS = (
					"$(inherited)",
					"@executable_path/Frameworks",
					"@loader_path/Frameworks",
				);
				PRODUCT_BUNDLE_IDENTIFIER = com.deepti.gupta.KnowYourCountryTests;
				PRODUCT_NAME = "$(TARGET_NAME)";
				SWIFT_VERSION = 5.0;
				TARGETED_DEVICE_FAMILY = "1,2";
				TEST_HOST = "$(BUILT_PRODUCTS_DIR)/KnowYourCountry.app/KnowYourCountry";
			};
			name = Debug;
		};
		7978E45925335A0300F08561 /* Release */ = {
			isa = XCBuildConfiguration;
			baseConfigurationReference = 1626ADACD083961B13469FF7 /* Pods-KnowYourCountryTests.release.xcconfig */;
			buildSettings = {
				ALWAYS_EMBED_SWIFT_STANDARD_LIBRARIES = YES;
				BUNDLE_LOADER = "$(TEST_HOST)";
				CODE_SIGN_STYLE = Automatic;
				INFOPLIST_FILE = KnowYourCountryTests/Info.plist;
				IPHONEOS_DEPLOYMENT_TARGET = 13.5;
				LD_RUNPATH_SEARCH_PATHS = (
					"$(inherited)",
					"@executable_path/Frameworks",
					"@loader_path/Frameworks",
				);
				PRODUCT_BUNDLE_IDENTIFIER = com.deepti.gupta.KnowYourCountryTests;
				PRODUCT_NAME = "$(TARGET_NAME)";
				SWIFT_VERSION = 5.0;
				TARGETED_DEVICE_FAMILY = "1,2";
				TEST_HOST = "$(BUILT_PRODUCTS_DIR)/KnowYourCountry.app/KnowYourCountry";
			};
			name = Release;
		};
		7978E45B25335A0300F08561 /* Debug */ = {
			isa = XCBuildConfiguration;
			baseConfigurationReference = 4B0520FA80F49FBE820746A3 /* Pods-KnowYourCountry-KnowYourCountryUITests.debug.xcconfig */;
			buildSettings = {
				ALWAYS_EMBED_SWIFT_STANDARD_LIBRARIES = YES;
				CODE_SIGN_STYLE = Automatic;
				INFOPLIST_FILE = KnowYourCountryUITests/Info.plist;
				LD_RUNPATH_SEARCH_PATHS = (
					"$(inherited)",
					"@executable_path/Frameworks",
					"@loader_path/Frameworks",
				);
				PRODUCT_BUNDLE_IDENTIFIER = com.deepti.gupta.KnowYourCountryUITests;
				PRODUCT_NAME = "$(TARGET_NAME)";
				SWIFT_VERSION = 5.0;
				TARGETED_DEVICE_FAMILY = "1,2";
				TEST_TARGET_NAME = KnowYourCountry;
			};
			name = Debug;
		};
		7978E45C25335A0300F08561 /* Release */ = {
			isa = XCBuildConfiguration;
			baseConfigurationReference = 397B126F03F6C00C43223887 /* Pods-KnowYourCountry-KnowYourCountryUITests.release.xcconfig */;
			buildSettings = {
				ALWAYS_EMBED_SWIFT_STANDARD_LIBRARIES = YES;
				CODE_SIGN_STYLE = Automatic;
				INFOPLIST_FILE = KnowYourCountryUITests/Info.plist;
				LD_RUNPATH_SEARCH_PATHS = (
					"$(inherited)",
					"@executable_path/Frameworks",
					"@loader_path/Frameworks",
				);
				PRODUCT_BUNDLE_IDENTIFIER = com.deepti.gupta.KnowYourCountryUITests;
				PRODUCT_NAME = "$(TARGET_NAME)";
				SWIFT_VERSION = 5.0;
				TARGETED_DEVICE_FAMILY = "1,2";
				TEST_TARGET_NAME = KnowYourCountry;
			};
			name = Release;
		};
/* End XCBuildConfiguration section */

/* Begin XCConfigurationList section */
		7978E42525335A0000F08561 /* Build configuration list for PBXProject "KnowYourCountry" */ = {
			isa = XCConfigurationList;
			buildConfigurations = (
				7978E45225335A0300F08561 /* Debug */,
				7978E45325335A0300F08561 /* Release */,
			);
			defaultConfigurationIsVisible = 0;
			defaultConfigurationName = Release;
		};
		7978E45425335A0300F08561 /* Build configuration list for PBXNativeTarget "KnowYourCountry" */ = {
			isa = XCConfigurationList;
			buildConfigurations = (
				7978E45525335A0300F08561 /* Debug */,
				7978E45625335A0300F08561 /* Release */,
			);
			defaultConfigurationIsVisible = 0;
			defaultConfigurationName = Release;
		};
		7978E45725335A0300F08561 /* Build configuration list for PBXNativeTarget "KnowYourCountryTests" */ = {
			isa = XCConfigurationList;
			buildConfigurations = (
				7978E45825335A0300F08561 /* Debug */,
				7978E45925335A0300F08561 /* Release */,
			);
			defaultConfigurationIsVisible = 0;
			defaultConfigurationName = Release;
		};
		7978E45A25335A0300F08561 /* Build configuration list for PBXNativeTarget "KnowYourCountryUITests" */ = {
			isa = XCConfigurationList;
			buildConfigurations = (
				7978E45B25335A0300F08561 /* Debug */,
				7978E45C25335A0300F08561 /* Release */,
			);
			defaultConfigurationIsVisible = 0;
			defaultConfigurationName = Release;
		};
/* End XCConfigurationList section */
	};
	rootObject = 7978E42225335A0000F08561 /* Project object */;
}
